
Microsoft Visual Studio Solution File, Format Version 12.00
# Visual Studio 15
VisualStudioVersion = 15.0.26621.2
MinimumVisualStudioVersion = 10.0.40219.1
Project("{FAE04EC0-301F-11D3-BF4B-00C04F79EFBC}") = "Sample", "ClassLibrary1\Sample.csproj", "{AB288C75-307C-4F19-B1A3-4B8709E8FA12}"
EndProject
Project("{FAE04EC0-301F-11D3-BF4B-00C04F79EFBC}") = "CoWorker.Component.Blogs", "CoWorker.Component.Blogs\CoWorker.Component.Blogs.csproj", "{0C3E24BF-0622-4B36-8A16-AB6F2B546BCE}"
EndProject
Global
	GlobalSection(SolutionConfigurationPlatforms) = preSolution
		Debug|Any CPU = Debug|Any CPU
		Release|Any CPU = Release|Any CPU
	EndGlobalSection
	GlobalSection(ProjectConfigurationPlatforms) = postSolution
		{AB288C75-307C-4F19-B1A3-4B8709E8FA12}.Debug|Any CPU.ActiveCfg = Debug|Any CPU
		{AB288C75-307C-4F19-B1A3-4B8709E8FA12}.Debug|Any CPU.Build.0 = Debug|Any CPU
		{AB288C75-307C-4F19-B1A3-4B8709E8FA12}.Release|Any CPU.ActiveCfg = Release|Any CPU
		{AB288C75-307C-4F19-B1A3-4B8709E8FA12}.Release|Any CPU.Build.0 = Release|Any CPU
		{0C3E24BF-0622-4B36-8A16-AB6F2B546BCE}.Debug|Any CPU.ActiveCfg = Debug|Any CPU
		{0C3E24BF-0622-4B36-8A16-AB6F2B546BCE}.Debug|Any CPU.Build.0 = Debug|Any CPU
		{0C3E24BF-0622-4B36-8A16-AB6F2B546BCE}.Release|Any CPU.ActiveCfg = Release|Any CPU
		{0C3E24BF-0622-4B36-8A16-AB6F2B546BCE}.Release|Any CPU.Build.0 = Release|Any CPU
	EndGlobalSection
	GlobalSection(SolutionProperties) = preSolution
		HideSolutionNode = FALSE
	EndGlobalSection
	GlobalSection(ExtensibilityGlobals) = postSolution
		SolutionGuid = {7B7EC64D-C21C-4724-9E9B-4C04E437C0EE}
	EndGlobalSection
EndGlobal
