
Microsoft Visual Studio Solution File, Format Version 12.00
# Visual Studio 15
VisualStudioVersion = 15.0.26206.0
MinimumVisualStudioVersion = 10.0.40219.1
Project("{9A19103F-16F7-4668-BE54-9A1E7A4F7556}") = "CoWorker.Middlewarer", "src\CoWorker.Middlewarer\CoWorker.Middlewarer.csproj", "{3E955A55-ED09-4DE1-8AF9-5D14C8D39EA2}"
EndProject
Project("{9A19103F-16F7-4668-BE54-9A1E7A4F7556}") = "CoWorker.Middlewarer.Tests", "test\CoWorker.Middlewarer.Tests\CoWorker.Middlewarer.Tests.csproj", "{C4198B4C-716F-4185-B32F-44BF64C8F684}"
EndProject
Project("{2150E333-8FDC-42A3-9474-1A3956D46DE8}") = "global", "global", "{F4F6816A-4FC6-409F-8034-C6B545D6470B}"
	ProjectSection(SolutionItems) = preProject
		.gitignore = .gitignore
		LICENSE = LICENSE
		README.md = README.md
	EndProjectSection
EndProject
Global
	GlobalSection(SolutionConfigurationPlatforms) = preSolution
		Debug|Any CPU = Debug|Any CPU
		Debug|x64 = Debug|x64
		Debug|x86 = Debug|x86
		Release|Any CPU = Release|Any CPU
		Release|x64 = Release|x64
		Release|x86 = Release|x86
	EndGlobalSection
	GlobalSection(ProjectConfigurationPlatforms) = postSolution
		{3E955A55-ED09-4DE1-8AF9-5D14C8D39EA2}.Debug|Any CPU.ActiveCfg = Debug|Any CPU
		{3E955A55-ED09-4DE1-8AF9-5D14C8D39EA2}.Debug|Any CPU.Build.0 = Debug|Any CPU
		{3E955A55-ED09-4DE1-8AF9-5D14C8D39EA2}.Debug|x64.ActiveCfg = Debug|x64
		{3E955A55-ED09-4DE1-8AF9-5D14C8D39EA2}.Debug|x64.Build.0 = Debug|x64
		{3E955A55-ED09-4DE1-8AF9-5D14C8D39EA2}.Debug|x86.ActiveCfg = Debug|x86
		{3E955A55-ED09-4DE1-8AF9-5D14C8D39EA2}.Debug|x86.Build.0 = Debug|x86
		{3E955A55-ED09-4DE1-8AF9-5D14C8D39EA2}.Release|Any CPU.ActiveCfg = Release|Any CPU
		{3E955A55-ED09-4DE1-8AF9-5D14C8D39EA2}.Release|Any CPU.Build.0 = Release|Any CPU
		{3E955A55-ED09-4DE1-8AF9-5D14C8D39EA2}.Release|x64.ActiveCfg = Release|x64
		{3E955A55-ED09-4DE1-8AF9-5D14C8D39EA2}.Release|x64.Build.0 = Release|x64
		{3E955A55-ED09-4DE1-8AF9-5D14C8D39EA2}.Release|x86.ActiveCfg = Release|x86
		{3E955A55-ED09-4DE1-8AF9-5D14C8D39EA2}.Release|x86.Build.0 = Release|x86
		{C4198B4C-716F-4185-B32F-44BF64C8F684}.Debug|Any CPU.ActiveCfg = Debug|Any CPU
		{C4198B4C-716F-4185-B32F-44BF64C8F684}.Debug|Any CPU.Build.0 = Debug|Any CPU
		{C4198B4C-716F-4185-B32F-44BF64C8F684}.Debug|x64.ActiveCfg = Debug|x64
		{C4198B4C-716F-4185-B32F-44BF64C8F684}.Debug|x64.Build.0 = Debug|x64
		{C4198B4C-716F-4185-B32F-44BF64C8F684}.Debug|x86.ActiveCfg = Debug|x86
		{C4198B4C-716F-4185-B32F-44BF64C8F684}.Debug|x86.Build.0 = Debug|x86
		{C4198B4C-716F-4185-B32F-44BF64C8F684}.Release|Any CPU.ActiveCfg = Release|Any CPU
		{C4198B4C-716F-4185-B32F-44BF64C8F684}.Release|Any CPU.Build.0 = Release|Any CPU
		{C4198B4C-716F-4185-B32F-44BF64C8F684}.Release|x64.ActiveCfg = Release|x64
		{C4198B4C-716F-4185-B32F-44BF64C8F684}.Release|x64.Build.0 = Release|x64
		{C4198B4C-716F-4185-B32F-44BF64C8F684}.Release|x86.ActiveCfg = Release|x86
		{C4198B4C-716F-4185-B32F-44BF64C8F684}.Release|x86.Build.0 = Release|x86
	EndGlobalSection
	GlobalSection(SolutionProperties) = preSolution
		HideSolutionNode = FALSE
	EndGlobalSection
EndGlobal
